
Microsoft Visual Studio Solution File, Format Version 12.00
# Visual Studio Version 17
VisualStudioVersion = 17.14.36603.0
MinimumVisualStudioVersion = 10.0.40219.1
Project("{FAE04EC0-301F-11D3-BF4B-00C04F79EFBC}") = "PrivateLM", "PrivateLM.csproj", "{C7450929-E09F-4721-8F65-AE9F4FBC9712}"
EndProject
Global
	GlobalSection(SolutionConfigurationPlatforms) = preSolution
		Debug|Any CPU = Debug|Any CPU
		Release|Any CPU = Release|Any CPU
	EndGlobalSection
	GlobalSection(ProjectConfigurationPlatforms) = postSolution
		{C7450929-E09F-4721-8F65-AE9F4FBC9712}.Debug|Any CPU.ActiveCfg = Debug|Any CPU
		{C7450929-E09F-4721-8F65-AE9F4FBC9712}.Debug|Any CPU.Build.0 = Debug|Any CPU
		{C7450929-E09F-4721-8F65-AE9F4FBC9712}.Release|Any CPU.ActiveCfg = Release|Any CPU
		{C7450929-E09F-4721-8F65-AE9F4FBC9712}.Release|Any CPU.Build.0 = Release|Any CPU
	EndGlobalSection
	GlobalSection(SolutionProperties) = preSolution
		HideSolutionNode = FALSE
	EndGlobalSection
	GlobalSection(ExtensibilityGlobals) = postSolution
		SolutionGuid = {633FF5C0-DF12-46E1-8C87-42857CC465FA}
	EndGlobalSection
EndGlobal
